
Microsoft Visual Studio Solution File, Format Version 12.00
# Visual Studio Version 17
VisualStudioVersion = 17.0.31903.59
MinimumVisualStudioVersion = 10.0.40219.1
Project("{FAE04EC0-301F-11D3-BF4B-00C04F79EFBC}") = "Tryitter.Api", "Tryitter.Api\Tryitter.Api.csproj", "{C22C120C-E770-4572-BBF7-F3098521F8BE}"
EndProject
Project("{FAE04EC0-301F-11D3-BF4B-00C04F79EFBC}") = "Tryitter.Test", "Tryitter.Test\Tryitter.Test.csproj", "{6257FB71-9364-421C-81EC-81A0A9B2F1D1}"
EndProject
Global
	GlobalSection(SolutionConfigurationPlatforms) = preSolution
		Debug|Any CPU = Debug|Any CPU
		Release|Any CPU = Release|Any CPU
	EndGlobalSection
	GlobalSection(SolutionProperties) = preSolution
		HideSolutionNode = FALSE
	EndGlobalSection
	GlobalSection(ProjectConfigurationPlatforms) = postSolution
		{C22C120C-E770-4572-BBF7-F3098521F8BE}.Debug|Any CPU.ActiveCfg = Debug|Any CPU
		{C22C120C-E770-4572-BBF7-F3098521F8BE}.Debug|Any CPU.Build.0 = Debug|Any CPU
		{C22C120C-E770-4572-BBF7-F3098521F8BE}.Release|Any CPU.ActiveCfg = Release|Any CPU
		{C22C120C-E770-4572-BBF7-F3098521F8BE}.Release|Any CPU.Build.0 = Release|Any CPU
		{6257FB71-9364-421C-81EC-81A0A9B2F1D1}.Debug|Any CPU.ActiveCfg = Debug|Any CPU
		{6257FB71-9364-421C-81EC-81A0A9B2F1D1}.Debug|Any CPU.Build.0 = Debug|Any CPU
		{6257FB71-9364-421C-81EC-81A0A9B2F1D1}.Release|Any CPU.ActiveCfg = Release|Any CPU
		{6257FB71-9364-421C-81EC-81A0A9B2F1D1}.Release|Any CPU.Build.0 = Release|Any CPU
	EndGlobalSection
EndGlobal
