
Microsoft Visual Studio Solution File, Format Version 12.00
# Visual Studio Version 17
VisualStudioVersion = 17.0.31903.59
MinimumVisualStudioVersion = 10.0.40219.1
Project("{FAE04EC0-301F-11D3-BF4B-00C04F79EFBC}") = "Tryitter.Test", "Tryitter.Test\Tryitter.Test.csproj", "{590ED67E-6431-40E2-AB53-698FDD5AEFDC}"
EndProject
Project("{FAE04EC0-301F-11D3-BF4B-00C04F79EFBC}") = "Tryitter.Api", "Tryitter.Api\Tryitter.Api.csproj", "{B1B77CD8-B786-49AA-92A8-64A95137D4C1}"
EndProject
Global
	GlobalSection(SolutionConfigurationPlatforms) = preSolution
		Debug|Any CPU = Debug|Any CPU
		Release|Any CPU = Release|Any CPU
	EndGlobalSection
	GlobalSection(SolutionProperties) = preSolution
		HideSolutionNode = FALSE
	EndGlobalSection
	GlobalSection(ProjectConfigurationPlatforms) = postSolution
		{590ED67E-6431-40E2-AB53-698FDD5AEFDC}.Debug|Any CPU.ActiveCfg = Debug|Any CPU
		{590ED67E-6431-40E2-AB53-698FDD5AEFDC}.Debug|Any CPU.Build.0 = Debug|Any CPU
		{590ED67E-6431-40E2-AB53-698FDD5AEFDC}.Release|Any CPU.ActiveCfg = Release|Any CPU
		{590ED67E-6431-40E2-AB53-698FDD5AEFDC}.Release|Any CPU.Build.0 = Release|Any CPU
		{B1B77CD8-B786-49AA-92A8-64A95137D4C1}.Debug|Any CPU.ActiveCfg = Debug|Any CPU
		{B1B77CD8-B786-49AA-92A8-64A95137D4C1}.Debug|Any CPU.Build.0 = Debug|Any CPU
		{B1B77CD8-B786-49AA-92A8-64A95137D4C1}.Release|Any CPU.ActiveCfg = Release|Any CPU
		{B1B77CD8-B786-49AA-92A8-64A95137D4C1}.Release|Any CPU.Build.0 = Release|Any CPU
	EndGlobalSection
EndGlobal
